Microsoft Visual Studio Solution File, Format Version 12.00
# Visual Studio 15
VisualStudioVersion = 15.0.27703.2042
MinimumVisualStudioVersion = 10.0.40219.1
Project("{FAE04EC0-301F-11D3-BF4B-00C04F79EFBC}") = "LZ4.Frame.Tests", "LZ4.Frame.Tests\LZ4.Frame.Tests.csproj", "{93A0763A-04DC-488D-B2B8-ADEE04C5BFA8}"
EndProject
Project("{9A19103F-16F7-4668-BE54-9A1E7A4F7556}") = "LZ4.Frame.Std", "LZ4.Frame.Std\LZ4.Frame.Std.csproj", "{469ED3AF-AF0A-472F-AF39-5FDBDBAA102F}"
EndProject
Project("{FAE04EC0-301F-11D3-BF4B-00C04F79EFBC}") = "LZ4.Frame", "LZ4.Frame.Fx\LZ4.Frame.csproj", "{803E355E-A55D-4AF4-88BD-5EAB62FD68AD}"
EndProject
Project("{FAE04EC0-301F-11D3-BF4B-00C04F79EFBC}") = "LZ4.Frame.CoreTest", "LZ4.Frame.CoreTest\LZ4.Frame.CoreTest.csproj", "{5457C7FD-F9D6-4273-82C2-571AD7F095AD}"
EndProject
Global
	GlobalSection(SolutionConfigurationPlatforms) = preSolution
		Debug|Any CPU = Debug|Any CPU
		Release|Any CPU = Release|Any CPU
	EndGlobalSection
	GlobalSection(ProjectConfigurationPlatforms) = postSolution
		{93A0763A-04DC-488D-B2B8-ADEE04C5BFA8}.Debug|Any CPU.ActiveCfg = Debug|Any CPU
		{93A0763A-04DC-488D-B2B8-ADEE04C5BFA8}.Debug|Any CPU.Build.0 = Debug|Any CPU
		{93A0763A-04DC-488D-B2B8-ADEE04C5BFA8}.Release|Any CPU.ActiveCfg = Release|Any CPU
		{93A0763A-04DC-488D-B2B8-ADEE04C5BFA8}.Release|Any CPU.Build.0 = Release|Any CPU
		{469ED3AF-AF0A-472F-AF39-5FDBDBAA102F}.Debug|Any CPU.ActiveCfg = Debug|Any CPU
		{469ED3AF-AF0A-472F-AF39-5FDBDBAA102F}.Debug|Any CPU.Build.0 = Debug|Any CPU
		{469ED3AF-AF0A-472F-AF39-5FDBDBAA102F}.Release|Any CPU.ActiveCfg = Release|Any CPU
		{469ED3AF-AF0A-472F-AF39-5FDBDBAA102F}.Release|Any CPU.Build.0 = Release|Any CPU
		{803E355E-A55D-4AF4-88BD-5EAB62FD68AD}.Debug|Any CPU.ActiveCfg = Debug|Any CPU
		{803E355E-A55D-4AF4-88BD-5EAB62FD68AD}.Debug|Any CPU.Build.0 = Debug|Any CPU
		{803E355E-A55D-4AF4-88BD-5EAB62FD68AD}.Release|Any CPU.ActiveCfg = Release|Any CPU
		{803E355E-A55D-4AF4-88BD-5EAB62FD68AD}.Release|Any CPU.Build.0 = Release|Any CPU
		{5457C7FD-F9D6-4273-82C2-571AD7F095AD}.Debug|Any CPU.ActiveCfg = Debug|Any CPU
		{5457C7FD-F9D6-4273-82C2-571AD7F095AD}.Debug|Any CPU.Build.0 = Debug|Any CPU
		{5457C7FD-F9D6-4273-82C2-571AD7F095AD}.Release|Any CPU.ActiveCfg = Release|Any CPU
		{5457C7FD-F9D6-4273-82C2-571AD7F095AD}.Release|Any CPU.Build.0 = Release|Any CPU
	EndGlobalSection
	GlobalSection(SolutionProperties) = preSolution
		HideSolutionNode = FALSE
	EndGlobalSection
	GlobalSection(ExtensibilityGlobals) = postSolution
		SolutionGuid = {6EB18686-96F5-47C5-AC19-D4FD3EDF29B9}
	EndGlobalSection
EndGlobal
